
Microsoft Visual Studio Solution File, Format Version 12.00
# Visual Studio 2017
Project("{FAE04EC0-301F-11D3-BF4B-00C04F79EFBC}") = "sbs", "sbs.csproj", "{B170565E-E1F4-4744-97B5-1F84D98FF974}"
EndProject
Global
	GlobalSection(SolutionConfigurationPlatforms) = preSolution
		Debug|Any CPU = Debug|Any CPU
		Release|Any CPU = Release|Any CPU
	EndGlobalSection
	GlobalSection(ProjectConfigurationPlatforms) = postSolution
		{B170565E-E1F4-4744-97B5-1F84D98FF974}.Debug|Any CPU.ActiveCfg = Debug|Any CPU
		{B170565E-E1F4-4744-97B5-1F84D98FF974}.Debug|Any CPU.Build.0 = Debug|Any CPU
		{B170565E-E1F4-4744-97B5-1F84D98FF974}.Release|Any CPU.ActiveCfg = Release|Any CPU
		{B170565E-E1F4-4744-97B5-1F84D98FF974}.Release|Any CPU.Build.0 = Release|Any CPU
	EndGlobalSection
EndGlobal
